
Microsoft Visual Studio Solution File, Format Version 12.00
# Visual Studio 15
VisualStudioVersion = 15.0.26430.4
MinimumVisualStudioVersion = 10.0.40219.1
Project("{FAE04EC0-301F-11D3-BF4B-00C04F79EFBC}") = "EfBook.Data", "EfBook.Data\EfBook.Data.csproj", "{C7411C42-C4B5-4C4E-9E18-22D9602D8420}"
EndProject
Project("{FAE04EC0-301F-11D3-BF4B-00C04F79EFBC}") = "EfBook.Domain", "EfBook.Domain\EfBook.Domain.csproj", "{A4B9F878-AE73-4577-B3BA-A3F7FF87F0A8}"
EndProject
Project("{FAE04EC0-301F-11D3-BF4B-00C04F79EFBC}") = "EfBookConsoleApp", "EfBookConsoleApp\EfBookConsoleApp.csproj", "{9CC3E387-16B9-4FEE-937B-32220B174A09}"
EndProject
Project("{FAE04EC0-301F-11D3-BF4B-00C04F79EFBC}") = "EfBook.App", "EfBook.App\EfBook.App.csproj", "{C122C84A-DE02-42A4-8992-31A66748FC74}"
EndProject
Global
	GlobalSection(SolutionConfigurationPlatforms) = preSolution
		Debug|Any CPU = Debug|Any CPU
		Release|Any CPU = Release|Any CPU
	EndGlobalSection
	GlobalSection(ProjectConfigurationPlatforms) = postSolution
		{C7411C42-C4B5-4C4E-9E18-22D9602D8420}.Debug|Any CPU.ActiveCfg = Debug|Any CPU
		{C7411C42-C4B5-4C4E-9E18-22D9602D8420}.Debug|Any CPU.Build.0 = Debug|Any CPU
		{C7411C42-C4B5-4C4E-9E18-22D9602D8420}.Release|Any CPU.ActiveCfg = Release|Any CPU
		{C7411C42-C4B5-4C4E-9E18-22D9602D8420}.Release|Any CPU.Build.0 = Release|Any CPU
		{A4B9F878-AE73-4577-B3BA-A3F7FF87F0A8}.Debug|Any CPU.ActiveCfg = Debug|Any CPU
		{A4B9F878-AE73-4577-B3BA-A3F7FF87F0A8}.Debug|Any CPU.Build.0 = Debug|Any CPU
		{A4B9F878-AE73-4577-B3BA-A3F7FF87F0A8}.Release|Any CPU.ActiveCfg = Release|Any CPU
		{A4B9F878-AE73-4577-B3BA-A3F7FF87F0A8}.Release|Any CPU.Build.0 = Release|Any CPU
		{9CC3E387-16B9-4FEE-937B-32220B174A09}.Debug|Any CPU.ActiveCfg = Debug|Any CPU
		{9CC3E387-16B9-4FEE-937B-32220B174A09}.Debug|Any CPU.Build.0 = Debug|Any CPU
		{9CC3E387-16B9-4FEE-937B-32220B174A09}.Release|Any CPU.ActiveCfg = Release|Any CPU
		{9CC3E387-16B9-4FEE-937B-32220B174A09}.Release|Any CPU.Build.0 = Release|Any CPU
		{C122C84A-DE02-42A4-8992-31A66748FC74}.Debug|Any CPU.ActiveCfg = Debug|Any CPU
		{C122C84A-DE02-42A4-8992-31A66748FC74}.Debug|Any CPU.Build.0 = Debug|Any CPU
		{C122C84A-DE02-42A4-8992-31A66748FC74}.Release|Any CPU.ActiveCfg = Release|Any CPU
		{C122C84A-DE02-42A4-8992-31A66748FC74}.Release|Any CPU.Build.0 = Release|Any CPU
	EndGlobalSection
	GlobalSection(SolutionProperties) = preSolution
		HideSolutionNode = FALSE
	EndGlobalSection
EndGlobal
